
Microsoft Visual Studio Solution File, Format Version 12.00
# Visual Studio Version 17
VisualStudioVersion = 17.13.35828.75
MinimumVisualStudioVersion = 10.0.40219.1
Project("{FAE04EC0-301F-11D3-BF4B-00C04F79EFBC}") = "ProyectoWeb", "ProyectoWeb\ProyectoWeb.csproj", "{20307439-2E8A-483C-9F44-D50CF6AB5485}"
EndProject
Project("{2150E333-8FDC-42A3-9474-1A3956D46DE8}") = "Elementos de la solución", "Elementos de la solución", "{D107F4C8-89CC-BEA8-D3D7-CA6B7733353D}"
	ProjectSection(SolutionItems) = preProject
		.gitignore = .gitignore
	EndProjectSection
EndProject
Global
	GlobalSection(SolutionConfigurationPlatforms) = preSolution
		Debug|Any CPU = Debug|Any CPU
		Release|Any CPU = Release|Any CPU
	EndGlobalSection
	GlobalSection(ProjectConfigurationPlatforms) = postSolution
		{20307439-2E8A-483C-9F44-D50CF6AB5485}.Debug|Any CPU.ActiveCfg = Debug|Any CPU
		{20307439-2E8A-483C-9F44-D50CF6AB5485}.Debug|Any CPU.Build.0 = Debug|Any CPU
		{20307439-2E8A-483C-9F44-D50CF6AB5485}.Release|Any CPU.ActiveCfg = Release|Any CPU
		{20307439-2E8A-483C-9F44-D50CF6AB5485}.Release|Any CPU.Build.0 = Release|Any CPU
	EndGlobalSection
	GlobalSection(SolutionProperties) = preSolution
		HideSolutionNode = FALSE
	EndGlobalSection
	GlobalSection(ExtensibilityGlobals) = postSolution
		SolutionGuid = {BD5CCCD6-58D8-43DC-9011-88E3488ED439}
	EndGlobalSection
EndGlobal
